
Microsoft Visual Studio Solution File, Format Version 12.00
# Visual Studio Version 17
VisualStudioVersion = 17.8.34330.188
MinimumVisualStudioVersion = 10.0.40219.1
Project("{2150E333-8FDC-42A3-9474-1A3956D46DE8}") = "Services", "Services", "{3C9442DF-D70F-445C-84B6-B7F6BC9A90F5}"
EndProject
Project("{2150E333-8FDC-42A3-9474-1A3956D46DE8}") = "Catalog", "Catalog", "{BCE4AB9A-6CCF-42FE-9199-B16CD560FB26}"
EndProject
Project("{9A19103F-16F7-4668-BE54-9A1E7A4F7556}") = "FreeCourse.Services.Catalog", "Catalog\FreeCourse.Services.Catalog\FreeCourse.Services.Catalog.csproj", "{9CB0699A-698F-4A60-850B-DE6168767ACA}"
EndProject
Project("{2150E333-8FDC-42A3-9474-1A3956D46DE8}") = "Shared", "Shared", "{7F121B53-4AF5-40B9-A40F-82AA918D470C}"
EndProject
Project("{9A19103F-16F7-4668-BE54-9A1E7A4F7556}") = "FreeCourse.Shared", "Shared\FreeCourse.Shared\FreeCourse.Shared.csproj", "{1BAA4AC2-8402-4104-8866-9DB7E75DD35D}"
EndProject
Project("{2150E333-8FDC-42A3-9474-1A3956D46DE8}") = "IdentityServer", "IdentityServer", "{DAE3B488-69BF-4FC2-A810-F6F60A6EF19B}"
EndProject
Project("{9A19103F-16F7-4668-BE54-9A1E7A4F7556}") = "FreeCourse.IdentityServer", "IdentityServer\FreeCourse.IdentityServer\FreeCourse.IdentityServer.csproj", "{6F07DAF7-8F55-4318-8EB8-931CE91BE785}"
EndProject
Global
	GlobalSection(SolutionConfigurationPlatforms) = preSolution
		Debug|Any CPU = Debug|Any CPU
		Release|Any CPU = Release|Any CPU
	EndGlobalSection
	GlobalSection(ProjectConfigurationPlatforms) = postSolution
		{9CB0699A-698F-4A60-850B-DE6168767ACA}.Debug|Any CPU.ActiveCfg = Debug|Any CPU
		{9CB0699A-698F-4A60-850B-DE6168767ACA}.Debug|Any CPU.Build.0 = Debug|Any CPU
		{9CB0699A-698F-4A60-850B-DE6168767ACA}.Release|Any CPU.ActiveCfg = Release|Any CPU
		{9CB0699A-698F-4A60-850B-DE6168767ACA}.Release|Any CPU.Build.0 = Release|Any CPU
		{1BAA4AC2-8402-4104-8866-9DB7E75DD35D}.Debug|Any CPU.ActiveCfg = Debug|Any CPU
		{1BAA4AC2-8402-4104-8866-9DB7E75DD35D}.Debug|Any CPU.Build.0 = Debug|Any CPU
		{1BAA4AC2-8402-4104-8866-9DB7E75DD35D}.Release|Any CPU.ActiveCfg = Release|Any CPU
		{1BAA4AC2-8402-4104-8866-9DB7E75DD35D}.Release|Any CPU.Build.0 = Release|Any CPU
		{6F07DAF7-8F55-4318-8EB8-931CE91BE785}.Debug|Any CPU.ActiveCfg = Debug|Any CPU
		{6F07DAF7-8F55-4318-8EB8-931CE91BE785}.Debug|Any CPU.Build.0 = Debug|Any CPU
		{6F07DAF7-8F55-4318-8EB8-931CE91BE785}.Release|Any CPU.ActiveCfg = Release|Any CPU
		{6F07DAF7-8F55-4318-8EB8-931CE91BE785}.Release|Any CPU.Build.0 = Release|Any CPU
	EndGlobalSection
	GlobalSection(SolutionProperties) = preSolution
		HideSolutionNode = FALSE
	EndGlobalSection
	GlobalSection(NestedProjects) = preSolution
		{BCE4AB9A-6CCF-42FE-9199-B16CD560FB26} = {3C9442DF-D70F-445C-84B6-B7F6BC9A90F5}
		{9CB0699A-698F-4A60-850B-DE6168767ACA} = {BCE4AB9A-6CCF-42FE-9199-B16CD560FB26}
		{1BAA4AC2-8402-4104-8866-9DB7E75DD35D} = {7F121B53-4AF5-40B9-A40F-82AA918D470C}
		{6F07DAF7-8F55-4318-8EB8-931CE91BE785} = {DAE3B488-69BF-4FC2-A810-F6F60A6EF19B}
	EndGlobalSection
	GlobalSection(ExtensibilityGlobals) = postSolution
		SolutionGuid = {9E1DE638-D6FB-4FDB-835E-78EC2EEF0C6B}
	EndGlobalSection
EndGlobal
